
Microsoft Visual Studio Solution File, Format Version 12.00
# Visual Studio Version 17
VisualStudioVersion = 17.5.33530.505
MinimumVisualStudioVersion = 10.0.40219.1
Project("{9A19103F-16F7-4668-BE54-9A1E7A4F7556}") = "OwnerGPT.LLM", "OwnerGPT.LLM\OwnerGPT.LLM.csproj", "{10D103D9-E928-4D47-B152-B690978F520A}"
EndProject
Project("{9A19103F-16F7-4668-BE54-9A1E7A4F7556}") = "OwnerGPT.WebUI.Admin", "OwnerGPT.WebUI.Admin\OwnerGPT.WebUI.Admin.csproj", "{5C82DA1E-5E41-4998-A052-E52A3C1E2D38}"
EndProject
Project("{9A19103F-16F7-4668-BE54-9A1E7A4F7556}") = "OwnerGPT.Plugins.Manager", "OwnerGPT.Plugins.Manager\OwnerGPT.Plugins.Manager.csproj", "{F90844C2-D5E3-49F6-8C5A-D3A5C8C513A9}"
EndProject
Project("{2150E333-8FDC-42A3-9474-1A3956D46DE8}") = "OwnerGPT.Plugins", "OwnerGPT.Plugins", "{0D0F0CE0-C5E6-4BEA-B0AE-2C98725366C3}"
EndProject
Project("{9A19103F-16F7-4668-BE54-9A1E7A4F7556}") = "OwnerGPT.Plugins.Parsers.PDF", "OwnerGPT.Plugins.PDF\OwnerGPT.Plugins.Parsers.PDF.csproj", "{9CEF83BF-A765-40E1-880E-BEBB495EBC74}"
EndProject
Project("{9A19103F-16F7-4668-BE54-9A1E7A4F7556}") = "OwnerGPT.Plugins.Parsers.API", "OwnerGPT.Plugins.API\OwnerGPT.Plugins.Parsers.API.csproj", "{E4DC0419-33A0-4CE6-8791-97BFA9A431CF}"
EndProject
Project("{9A19103F-16F7-4668-BE54-9A1E7A4F7556}") = "OwnerGPT.Plugins.Parsers.OCR", "OwnerGPT.Plugins.OCR\OwnerGPT.Plugins.Parsers.OCR.csproj", "{C9B86F89-AB5A-4D72-B5B4-80A16460643D}"
EndProject
Project("{9A19103F-16F7-4668-BE54-9A1E7A4F7556}") = "OwnerGPT.Plugins.Parsers.Web", "OwnerGPT.Plugins.WEB\OwnerGPT.Plugins.Parsers.Web.csproj", "{1A734DFC-AC28-4DFF-9A91-408B11A80EC0}"
EndProject
Project("{2150E333-8FDC-42A3-9474-1A3956D46DE8}") = "Parsers", "Parsers", "{ED50596D-B45D-403D-B8A9-D3500D86F631}"
EndProject
Project("{2150E333-8FDC-42A3-9474-1A3956D46DE8}") = "Providers", "Providers", "{4CBDAA98-8ED1-4C68-A805-6F3835D4309D}"
EndProject
Project("{9A19103F-16F7-4668-BE54-9A1E7A4F7556}") = "OwnerGPT.Plugins.Providers.Whatsapp", "OwnerGPT.Plugins.Providers\OwnerGPT.Plugins.Providers.Whatsapp.csproj", "{A4E8DDE8-71FA-4481-845F-A950CE57D979}"
EndProject
Project("{9A19103F-16F7-4668-BE54-9A1E7A4F7556}") = "OwnerGPT.Experimental", "OwnerGPT.Experimental\OwnerGPT.Experimental.csproj", "{FAC63425-D805-40C7-82AC-F4646D072EB9}"
EndProject
Project("{9A19103F-16F7-4668-BE54-9A1E7A4F7556}") = "OwnerGPT.Plugins.Providers.Widget", "OwnerGPT.Plugins.Providers.Widget\OwnerGPT.Plugins.Providers.Widget.csproj", "{4CF39FA7-DC04-40EB-BE42-38D8C34BECF3}"
EndProject
Project("{9A19103F-16F7-4668-BE54-9A1E7A4F7556}") = "OwnerGPT.Plugins.Parsers.Excel", "OwnerGPT.Plugins.Parsers.Excel\OwnerGPT.Plugins.Parsers.Excel.csproj", "{F0D47CBA-793F-4BDC-A140-291802786A7A}"
EndProject
Project("{9A19103F-16F7-4668-BE54-9A1E7A4F7556}") = "OwnerGPT.DocumentEmbedding", "OwnerGPT.DocumentEmbedding\OwnerGPT.DocumentEmbedding.csproj", "{D5140158-0BA2-467B-9E0E-1A6430F27755}"
EndProject
Project("{9A19103F-16F7-4668-BE54-9A1E7A4F7556}") = "OwnerGPT.Models", "OwnerGPT.Models\OwnerGPT.Models.csproj", "{1882D501-6157-4DF9-869C-2E6F4B24C837}"
EndProject
Project("{9A19103F-16F7-4668-BE54-9A1E7A4F7556}") = "OwnerGPT.Translator", "OwnerGPT.Translator\OwnerGPT.Translator.csproj", "{21824EF1-8572-43EA-BBFF-7BC6EA5E134D}"
EndProject
Project("{9A19103F-16F7-4668-BE54-9A1E7A4F7556}") = "OwnerGPT.Core", "OwnerGPT.Core\OwnerGPT.Core.csproj", "{0B5B8DAE-F513-4694-A356-23FE9F88E75A}"
EndProject
Project("{9A19103F-16F7-4668-BE54-9A1E7A4F7556}") = "OwnerGPT.Databases", "OwnerGPT.Databases\OwnerGPT.Databases.csproj", "{9A47E57C-A9D1-46B6-8689-64EA2E7003AF}"
EndProject
Global
	GlobalSection(SolutionConfigurationPlatforms) = preSolution
		Debug|Any CPU = Debug|Any CPU
		Release|Any CPU = Release|Any CPU
	EndGlobalSection
	GlobalSection(ProjectConfigurationPlatforms) = postSolution
		{10D103D9-E928-4D47-B152-B690978F520A}.Debug|Any CPU.ActiveCfg = Debug|Any CPU
		{10D103D9-E928-4D47-B152-B690978F520A}.Debug|Any CPU.Build.0 = Debug|Any CPU
		{10D103D9-E928-4D47-B152-B690978F520A}.Release|Any CPU.ActiveCfg = Release|Any CPU
		{10D103D9-E928-4D47-B152-B690978F520A}.Release|Any CPU.Build.0 = Release|Any CPU
		{5C82DA1E-5E41-4998-A052-E52A3C1E2D38}.Debug|Any CPU.ActiveCfg = Debug|Any CPU
		{5C82DA1E-5E41-4998-A052-E52A3C1E2D38}.Debug|Any CPU.Build.0 = Debug|Any CPU
		{5C82DA1E-5E41-4998-A052-E52A3C1E2D38}.Release|Any CPU.ActiveCfg = Release|Any CPU
		{5C82DA1E-5E41-4998-A052-E52A3C1E2D38}.Release|Any CPU.Build.0 = Release|Any CPU
		{F90844C2-D5E3-49F6-8C5A-D3A5C8C513A9}.Debug|Any CPU.ActiveCfg = Debug|Any CPU
		{F90844C2-D5E3-49F6-8C5A-D3A5C8C513A9}.Debug|Any CPU.Build.0 = Debug|Any CPU
		{F90844C2-D5E3-49F6-8C5A-D3A5C8C513A9}.Release|Any CPU.ActiveCfg = Release|Any CPU
		{F90844C2-D5E3-49F6-8C5A-D3A5C8C513A9}.Release|Any CPU.Build.0 = Release|Any CPU
		{9CEF83BF-A765-40E1-880E-BEBB495EBC74}.Debug|Any CPU.ActiveCfg = Debug|Any CPU
		{9CEF83BF-A765-40E1-880E-BEBB495EBC74}.Debug|Any CPU.Build.0 = Debug|Any CPU
		{9CEF83BF-A765-40E1-880E-BEBB495EBC74}.Release|Any CPU.ActiveCfg = Release|Any CPU
		{9CEF83BF-A765-40E1-880E-BEBB495EBC74}.Release|Any CPU.Build.0 = Release|Any CPU
		{E4DC0419-33A0-4CE6-8791-97BFA9A431CF}.Debug|Any CPU.ActiveCfg = Debug|Any CPU
		{E4DC0419-33A0-4CE6-8791-97BFA9A431CF}.Debug|Any CPU.Build.0 = Debug|Any CPU
		{E4DC0419-33A0-4CE6-8791-97BFA9A431CF}.Release|Any CPU.ActiveCfg = Release|Any CPU
		{E4DC0419-33A0-4CE6-8791-97BFA9A431CF}.Release|Any CPU.Build.0 = Release|Any CPU
		{C9B86F89-AB5A-4D72-B5B4-80A16460643D}.Debug|Any CPU.ActiveCfg = Debug|Any CPU
		{C9B86F89-AB5A-4D72-B5B4-80A16460643D}.Debug|Any CPU.Build.0 = Debug|Any CPU
		{C9B86F89-AB5A-4D72-B5B4-80A16460643D}.Release|Any CPU.ActiveCfg = Release|Any CPU
		{C9B86F89-AB5A-4D72-B5B4-80A16460643D}.Release|Any CPU.Build.0 = Release|Any CPU
		{1A734DFC-AC28-4DFF-9A91-408B11A80EC0}.Debug|Any CPU.ActiveCfg = Debug|Any CPU
		{1A734DFC-AC28-4DFF-9A91-408B11A80EC0}.Debug|Any CPU.Build.0 = Debug|Any CPU
		{1A734DFC-AC28-4DFF-9A91-408B11A80EC0}.Release|Any CPU.ActiveCfg = Release|Any CPU
		{1A734DFC-AC28-4DFF-9A91-408B11A80EC0}.Release|Any CPU.Build.0 = Release|Any CPU
		{A4E8DDE8-71FA-4481-845F-A950CE57D979}.Debug|Any CPU.ActiveCfg = Debug|Any CPU
		{A4E8DDE8-71FA-4481-845F-A950CE57D979}.Debug|Any CPU.Build.0 = Debug|Any CPU
		{A4E8DDE8-71FA-4481-845F-A950CE57D979}.Release|Any CPU.ActiveCfg = Release|Any CPU
		{A4E8DDE8-71FA-4481-845F-A950CE57D979}.Release|Any CPU.Build.0 = Release|Any CPU
		{FAC63425-D805-40C7-82AC-F4646D072EB9}.Debug|Any CPU.ActiveCfg = Debug|Any CPU
		{FAC63425-D805-40C7-82AC-F4646D072EB9}.Debug|Any CPU.Build.0 = Debug|Any CPU
		{FAC63425-D805-40C7-82AC-F4646D072EB9}.Release|Any CPU.ActiveCfg = Release|Any CPU
		{FAC63425-D805-40C7-82AC-F4646D072EB9}.Release|Any CPU.Build.0 = Release|Any CPU
		{4CF39FA7-DC04-40EB-BE42-38D8C34BECF3}.Debug|Any CPU.ActiveCfg = Debug|Any CPU
		{4CF39FA7-DC04-40EB-BE42-38D8C34BECF3}.Debug|Any CPU.Build.0 = Debug|Any CPU
		{4CF39FA7-DC04-40EB-BE42-38D8C34BECF3}.Release|Any CPU.ActiveCfg = Release|Any CPU
		{4CF39FA7-DC04-40EB-BE42-38D8C34BECF3}.Release|Any CPU.Build.0 = Release|Any CPU
		{F0D47CBA-793F-4BDC-A140-291802786A7A}.Debug|Any CPU.ActiveCfg = Debug|Any CPU
		{F0D47CBA-793F-4BDC-A140-291802786A7A}.Debug|Any CPU.Build.0 = Debug|Any CPU
		{F0D47CBA-793F-4BDC-A140-291802786A7A}.Release|Any CPU.ActiveCfg = Release|Any CPU
		{F0D47CBA-793F-4BDC-A140-291802786A7A}.Release|Any CPU.Build.0 = Release|Any CPU
		{D5140158-0BA2-467B-9E0E-1A6430F27755}.Debug|Any CPU.ActiveCfg = Debug|Any CPU
		{D5140158-0BA2-467B-9E0E-1A6430F27755}.Debug|Any CPU.Build.0 = Debug|Any CPU
		{D5140158-0BA2-467B-9E0E-1A6430F27755}.Release|Any CPU.ActiveCfg = Release|Any CPU
		{D5140158-0BA2-467B-9E0E-1A6430F27755}.Release|Any CPU.Build.0 = Release|Any CPU
		{1882D501-6157-4DF9-869C-2E6F4B24C837}.Debug|Any CPU.ActiveCfg = Debug|Any CPU
		{1882D501-6157-4DF9-869C-2E6F4B24C837}.Debug|Any CPU.Build.0 = Debug|Any CPU
		{1882D501-6157-4DF9-869C-2E6F4B24C837}.Release|Any CPU.ActiveCfg = Release|Any CPU
		{1882D501-6157-4DF9-869C-2E6F4B24C837}.Release|Any CPU.Build.0 = Release|Any CPU
		{21824EF1-8572-43EA-BBFF-7BC6EA5E134D}.Debug|Any CPU.ActiveCfg = Debug|Any CPU
		{21824EF1-8572-43EA-BBFF-7BC6EA5E134D}.Debug|Any CPU.Build.0 = Debug|Any CPU
		{21824EF1-8572-43EA-BBFF-7BC6EA5E134D}.Release|Any CPU.ActiveCfg = Release|Any CPU
		{21824EF1-8572-43EA-BBFF-7BC6EA5E134D}.Release|Any CPU.Build.0 = Release|Any CPU
		{0B5B8DAE-F513-4694-A356-23FE9F88E75A}.Debug|Any CPU.ActiveCfg = Debug|Any CPU
		{0B5B8DAE-F513-4694-A356-23FE9F88E75A}.Debug|Any CPU.Build.0 = Debug|Any CPU
		{0B5B8DAE-F513-4694-A356-23FE9F88E75A}.Release|Any CPU.ActiveCfg = Release|Any CPU
		{0B5B8DAE-F513-4694-A356-23FE9F88E75A}.Release|Any CPU.Build.0 = Release|Any CPU
		{9A47E57C-A9D1-46B6-8689-64EA2E7003AF}.Debug|Any CPU.ActiveCfg = Debug|Any CPU
		{9A47E57C-A9D1-46B6-8689-64EA2E7003AF}.Debug|Any CPU.Build.0 = Debug|Any CPU
		{9A47E57C-A9D1-46B6-8689-64EA2E7003AF}.Release|Any CPU.ActiveCfg = Release|Any CPU
		{9A47E57C-A9D1-46B6-8689-64EA2E7003AF}.Release|Any CPU.Build.0 = Release|Any CPU
	EndGlobalSection
	GlobalSection(SolutionProperties) = preSolution
		HideSolutionNode = FALSE
	EndGlobalSection
	GlobalSection(NestedProjects) = preSolution
		{9CEF83BF-A765-40E1-880E-BEBB495EBC74} = {ED50596D-B45D-403D-B8A9-D3500D86F631}
		{E4DC0419-33A0-4CE6-8791-97BFA9A431CF} = {ED50596D-B45D-403D-B8A9-D3500D86F631}
		{C9B86F89-AB5A-4D72-B5B4-80A16460643D} = {ED50596D-B45D-403D-B8A9-D3500D86F631}
		{1A734DFC-AC28-4DFF-9A91-408B11A80EC0} = {ED50596D-B45D-403D-B8A9-D3500D86F631}
		{ED50596D-B45D-403D-B8A9-D3500D86F631} = {0D0F0CE0-C5E6-4BEA-B0AE-2C98725366C3}
		{4CBDAA98-8ED1-4C68-A805-6F3835D4309D} = {0D0F0CE0-C5E6-4BEA-B0AE-2C98725366C3}
		{A4E8DDE8-71FA-4481-845F-A950CE57D979} = {4CBDAA98-8ED1-4C68-A805-6F3835D4309D}
		{4CF39FA7-DC04-40EB-BE42-38D8C34BECF3} = {4CBDAA98-8ED1-4C68-A805-6F3835D4309D}
		{F0D47CBA-793F-4BDC-A140-291802786A7A} = {ED50596D-B45D-403D-B8A9-D3500D86F631}
	EndGlobalSection
	GlobalSection(ExtensibilityGlobals) = postSolution
		SolutionGuid = {204BB901-6CAB-465B-920D-4D8095F79F4F}
	EndGlobalSection
EndGlobal
