
Microsoft Visual Studio Solution File, Format Version 12.00
# Visual Studio Version 17
VisualStudioVersion = 17.5.33530.505
MinimumVisualStudioVersion = 10.0.40219.1
Project("{9A19103F-16F7-4668-BE54-9A1E7A4F7556}") = "OwnerGPT", "OwnerGPT\OwnerGPT.csproj", "{F6C283D7-99D0-46CE-B528-2CCD01B59D19}"
EndProject
Project("{9A19103F-16F7-4668-BE54-9A1E7A4F7556}") = "DocumentEncoder", "DocumentEncoder\DocumentEncoder.csproj", "{3188C28C-B56E-4912-935C-5F58F0B41DED}"
EndProject
Project("{FAE04EC0-301F-11D3-BF4B-00C04F79EFBC}") = "LLM", "LLM\LLM.csproj", "{C3A4B6C6-9CCC-49F4-930A-98C76F492E40}"
EndProject
Global
	GlobalSection(SolutionConfigurationPlatforms) = preSolution
		Debug|Any CPU = Debug|Any CPU
		Release|Any CPU = Release|Any CPU
	EndGlobalSection
	GlobalSection(ProjectConfigurationPlatforms) = postSolution
		{F6C283D7-99D0-46CE-B528-2CCD01B59D19}.Debug|Any CPU.ActiveCfg = Debug|Any CPU
		{F6C283D7-99D0-46CE-B528-2CCD01B59D19}.Debug|Any CPU.Build.0 = Debug|Any CPU
		{F6C283D7-99D0-46CE-B528-2CCD01B59D19}.Release|Any CPU.ActiveCfg = Release|Any CPU
		{F6C283D7-99D0-46CE-B528-2CCD01B59D19}.Release|Any CPU.Build.0 = Release|Any CPU
		{3188C28C-B56E-4912-935C-5F58F0B41DED}.Debug|Any CPU.ActiveCfg = Debug|Any CPU
		{3188C28C-B56E-4912-935C-5F58F0B41DED}.Debug|Any CPU.Build.0 = Debug|Any CPU
		{3188C28C-B56E-4912-935C-5F58F0B41DED}.Release|Any CPU.ActiveCfg = Release|Any CPU
		{3188C28C-B56E-4912-935C-5F58F0B41DED}.Release|Any CPU.Build.0 = Release|Any CPU
		{C3A4B6C6-9CCC-49F4-930A-98C76F492E40}.Debug|Any CPU.ActiveCfg = Debug|Any CPU
		{C3A4B6C6-9CCC-49F4-930A-98C76F492E40}.Debug|Any CPU.Build.0 = Debug|Any CPU
		{C3A4B6C6-9CCC-49F4-930A-98C76F492E40}.Release|Any CPU.ActiveCfg = Release|Any CPU
		{C3A4B6C6-9CCC-49F4-930A-98C76F492E40}.Release|Any CPU.Build.0 = Release|Any CPU
	EndGlobalSection
	GlobalSection(SolutionProperties) = preSolution
		HideSolutionNode = FALSE
	EndGlobalSection
	GlobalSection(ExtensibilityGlobals) = postSolution
		SolutionGuid = {204BB901-6CAB-465B-920D-4D8095F79F4F}
	EndGlobalSection
EndGlobal
